// !$*UTF8*$!
{
	archiveVersion = 1;
	classes = {
	};
	objectVersion = 50;
	objects = {

/* Begin PBXBuildFile section */
		819E0250250F3DD00056AC1C /* AppDelegate.swift in Sources */ = {isa = PBXBuildFile; fileRef = 819E024F250F3DD00056AC1C /* AppDelegate.swift */; };
		819E0252250F3DD00056AC1C /* SceneDelegate.swift in Sources */ = {isa = PBXBuildFile; fileRef = 819E0251250F3DD00056AC1C /* SceneDelegate.swift */; };
		819E0254250F3DD00056AC1C /* ViewController.swift in Sources */ = {isa = PBXBuildFile; fileRef = 819E0253250F3DD00056AC1C /* ViewController.swift */; };
		819E0257250F3DD00056AC1C /* Main.storyboard in Resources */ = {isa = PBXBuildFile; fileRef = 819E0255250F3DD00056AC1C /* Main.storyboard */; };
		819E0259250F3DD20056AC1C /* Assets.xcassets in Resources */ = {isa = PBXBuildFile; fileRef = 819E0258250F3DD20056AC1C /* Assets.xcassets */; };
		819E025C250F3DD20056AC1C /* LaunchScreen.storyboard in Resources */ = {isa = PBXBuildFile; fileRef = 819E025A250F3DD20056AC1C /* LaunchScreen.storyboard */; };
		819E0267250F3DD30056AC1C /* TechMonTests.swift in Sources */ = {isa = PBXBuildFile; fileRef = 819E0266250F3DD30056AC1C /* TechMonTests.swift */; };
		819E0272250F3DD30056AC1C /* TechMonUITests.swift in Sources */ = {isa = PBXBuildFile; fileRef = 819E0271250F3DD30056AC1C /* TechMonUITests.swift */; };
		819E0295250F3E380056AC1C /* lobby.png in Resources */ = {isa = PBXBuildFile; fileRef = 819E0281250F3E380056AC1C /* lobby.png */; };
		819E0296250F3E380056AC1C /* battlebg.png in Resources */ = {isa = PBXBuildFile; fileRef = 819E0282250F3E380056AC1C /* battlebg.png */; };
		819E0297250F3E380056AC1C /* bgimage.jpg in Resources */ = {isa = PBXBuildFile; fileRef = 819E0283250F3E380056AC1C /* bgimage.jpg */; };
		819E0298250F3E380056AC1C /* waku.png in Resources */ = {isa = PBXBuildFile; fileRef = 819E0284250F3E380056AC1C /* waku.png */; };
		819E0299250F3E380056AC1C /* gold_button.png in Resources */ = {isa = PBXBuildFile; fileRef = 819E0285250F3E380056AC1C /* gold_button.png */; };
		819E029A250F3E380056AC1C /* yusya.png in Resources */ = {isa = PBXBuildFile; fileRef = 819E0286250F3E380056AC1C /* yusya.png */; };
		819E029B250F3E380056AC1C /* monster.png in Resources */ = {isa = PBXBuildFile; fileRef = 819E0287250F3E380056AC1C /* monster.png */; };
		819E029C250F3E380056AC1C /* TechMonManager.swift in Sources */ = {isa = PBXBuildFile; fileRef = 819E0289250F3E380056AC1C /* TechMonManager.swift */; };
		819E029D250F3E380056AC1C /* Character.swift in Sources */ = {isa = PBXBuildFile; fileRef = 819E028A250F3E380056AC1C /* Character.swift */; };
		819E029E250F3E380056AC1C /* SE_fanfare.mp3 in Resources */ = {isa = PBXBuildFile; fileRef = 819E028C250F3E380056AC1C /* SE_fanfare.mp3 */; };
		819E029F250F3E380056AC1C /* BGM_battle001.mp3 in Resources */ = {isa = PBXBuildFile; fileRef = 819E028D250F3E380056AC1C /* BGM_battle001.mp3 */; };
		819E02A0250F3E380056AC1C /* SE_fire.mp3 in Resources */ = {isa = PBXBuildFile; fileRef = 819E028E250F3E380056AC1C /* SE_fire.mp3 */; };
		819E02A1250F3E380056AC1C /* SE_attack.mp3 in Resources */ = {isa = PBXBuildFile; fileRef = 819E028F250F3E380056AC1C /* SE_attack.mp3 */; };
		819E02A2250F3E380056AC1C /* SE_gameover.mp3 in Resources */ = {isa = PBXBuildFile; fileRef = 819E0290250F3E380056AC1C /* SE_gameover.mp3 */; };
		819E02A3250F3E380056AC1C /* SE_charge.mp3 in Resources */ = {isa = PBXBuildFile; fileRef = 819E0291250F3E380056AC1C /* SE_charge.mp3 */; };
		819E02A4250F3E380056AC1C /* lobby.mp3 in Resources */ = {isa = PBXBuildFile; fileRef = 819E0292250F3E380056AC1C /* lobby.mp3 */; };
		819E02A5250F3E380056AC1C /* misaki_gothic.ttf in Resources */ = {isa = PBXBuildFile; fileRef = 819E0294250F3E380056AC1C /* misaki_gothic.ttf */; };
		819E02A7250F466D0056AC1C /* LobbyViewController.swift in Sources */ = {isa = PBXBuildFile; fileRef = 819E02A6250F466D0056AC1C /* LobbyViewController.swift */; };
		819E02A9250F46870056AC1C /* BattleViewController.swift in Sources */ = {isa = PBXBuildFile; fileRef = 819E02A8250F46870056AC1C /* BattleViewController.swift */; };
/* End PBXBuildFile section */

/* Begin PBXContainerItemProxy section */
		819E0263250F3DD30056AC1C /* PBXContainerItemProxy */ = {
			isa = PBXContainerItemProxy;
			containerPortal = 819E0244250F3DCF0056AC1C /* Project object */;
			proxyType = 1;
			remoteGlobalIDString = 819E024B250F3DD00056AC1C;
			remoteInfo = TechMon;
		};
		819E026E250F3DD30056AC1C /* PBXContainerItemProxy */ = {
			isa = PBXContainerItemProxy;
			containerPortal = 819E0244250F3DCF0056AC1C /* Project object */;
			proxyType = 1;
			remoteGlobalIDString = 819E024B250F3DD00056AC1C;
			remoteInfo = TechMon;
		};
/* End PBXContainerItemProxy section */

/* Begin PBXFileReference section */
		819E024C250F3DD00056AC1C /* TechMon.app */ = {isa = PBXFileReference; explicitFileType = wrapper.application; includeInIndex = 0; path = TechMon.app; sourceTree = BUILT_PRODUCTS_DIR; };
		819E024F250F3DD00056AC1C /* AppDelegate.swift */ = {isa = PBXFileReference; lastKnownFileType = sourcecode.swift; path = AppDelegate.swift; sourceTree = "<group>"; };
		819E0251250F3DD00056AC1C /* SceneDelegate.swift */ = {isa = PBXFileReference; lastKnownFileType = sourcecode.swift; path = SceneDelegate.swift; sourceTree = "<group>"; };
		819E0253250F3DD00056AC1C /* ViewController.swift */ = {isa = PBXFileReference; lastKnownFileType = sourcecode.swift; path = ViewController.swift; sourceTree = "<group>"; };
		819E0256250F3DD00056AC1C /* Base */ = {isa = PBXFileReference; lastKnownFileType = file.storyboard; name = Base; path = Base.lproj/Main.storyboard; sourceTree = "<group>"; };
		819E0258250F3DD20056AC1C /* Assets.xcassets */ = {isa = PBXFileReference; lastKnownFileType = folder.assetcatalog; path = Assets.xcassets; sourceTree = "<group>"; };
		819E025B250F3DD20056AC1C /* Base */ = {isa = PBXFileReference; lastKnownFileType = file.storyboard; name = Base; path = Base.lproj/LaunchScreen.storyboard; sourceTree = "<group>"; };
		819E025D250F3DD20056AC1C /* Info.plist */ = {isa = PBXFileReference; lastKnownFileType = text.plist.xml; path = Info.plist; sourceTree = "<group>"; };
		819E0262250F3DD30056AC1C /* TechMonTests.xctest */ = {isa = PBXFileReference; explicitFileType = wrapper.cfbundle; includeInIndex = 0; path = TechMonTests.xctest; sourceTree = BUILT_PRODUCTS_DIR; };
		819E0266250F3DD30056AC1C /* TechMonTests.swift */ = {isa = PBXFileReference; lastKnownFileType = sourcecode.swift; path = TechMonTests.swift; sourceTree = "<group>"; };
		819E0268250F3DD30056AC1C /* Info.plist */ = {isa = PBXFileReference; lastKnownFileType = text.plist.xml; path = Info.plist; sourceTree = "<group>"; };
		819E026D250F3DD30056AC1C /* TechMonUITests.xctest */ = {isa = PBXFileReference; explicitFileType = wrapper.cfbundle; includeInIndex = 0; path = TechMonUITests.xctest; sourceTree = BUILT_PRODUCTS_DIR; };
		819E0271250F3DD30056AC1C /* TechMonUITests.swift */ = {isa = PBXFileReference; lastKnownFileType = sourcecode.swift; path = TechMonUITests.swift; sourceTree = "<group>"; };
		819E0273250F3DD30056AC1C /* Info.plist */ = {isa = PBXFileReference; lastKnownFileType = text.plist.xml; path = Info.plist; sourceTree = "<group>"; };
		819E0281250F3E380056AC1C /* lobby.png */ = {isa = PBXFileReference; lastKnownFileType = image.png; path = lobby.png; sourceTree = "<group>"; };
		819E0282250F3E380056AC1C /* battlebg.png */ = {isa = PBXFileReference; lastKnownFileType = image.png; path = battlebg.png; sourceTree = "<group>"; };
		819E0283250F3E380056AC1C /* bgimage.jpg */ = {isa = PBXFileReference; lastKnownFileType = image.jpeg; path = bgimage.jpg; sourceTree = "<group>"; };
		819E0284250F3E380056AC1C /* waku.png */ = {isa = PBXFileReference; lastKnownFileType = image.png; path = waku.png; sourceTree = "<group>"; };
		819E0285250F3E380056AC1C /* gold_button.png */ = {isa = PBXFileReference; lastKnownFileType = image.png; path = gold_button.png; sourceTree = "<group>"; };
		819E0286250F3E380056AC1C /* yusya.png */ = {isa = PBXFileReference; lastKnownFileType = image.png; path = yusya.png; sourceTree = "<group>"; };
		819E0287250F3E380056AC1C /* monster.png */ = {isa = PBXFileReference; lastKnownFileType = image.png; path = monster.png; sourceTree = "<group>"; };
		819E0289250F3E380056AC1C /* TechMonManager.swift */ = {isa = PBXFileReference; fileEncoding = 4; lastKnownFileType = sourcecode.swift; path = TechMonManager.swift; sourceTree = "<group>"; };
		819E028A250F3E380056AC1C /* Character.swift */ = {isa = PBXFileReference; fileEncoding = 4; lastKnownFileType = sourcecode.swift; path = Character.swift; sourceTree = "<group>"; };
		819E028C250F3E380056AC1C /* SE_fanfare.mp3 */ = {isa = PBXFileReference; lastKnownFileType = audio.mp3; path = SE_fanfare.mp3; sourceTree = "<group>"; };
		819E028D250F3E380056AC1C /* BGM_battle001.mp3 */ = {isa = PBXFileReference; lastKnownFileType = audio.mp3; path = BGM_battle001.mp3; sourceTree = "<group>"; };
		819E028E250F3E380056AC1C /* SE_fire.mp3 */ = {isa = PBXFileReference; lastKnownFileType = audio.mp3; path = SE_fire.mp3; sourceTree = "<group>"; };
		819E028F250F3E380056AC1C /* SE_attack.mp3 */ = {isa = PBXFileReference; lastKnownFileType = audio.mp3; path = SE_attack.mp3; sourceTree = "<group>"; };
		819E0290250F3E380056AC1C /* SE_gameover.mp3 */ = {isa = PBXFileReference; lastKnownFileType = audio.mp3; path = SE_gameover.mp3; sourceTree = "<group>"; };
		819E0291250F3E380056AC1C /* SE_charge.mp3 */ = {isa = PBXFileReference; lastKnownFileType = audio.mp3; path = SE_charge.mp3; sourceTree = "<group>"; };
		819E0292250F3E380056AC1C /* lobby.mp3 */ = {isa = PBXFileReference; lastKnownFileType = audio.mp3; path = lobby.mp3; sourceTree = "<group>"; };
		819E0294250F3E380056AC1C /* misaki_gothic.ttf */ = {isa = PBXFileReference; lastKnownFileType = file; path = misaki_gothic.ttf; sourceTree = "<group>"; };
		819E02A6250F466D0056AC1C /* LobbyViewController.swift */ = {isa = PBXFileReference; lastKnownFileType = sourcecode.swift; path = LobbyViewController.swift; sourceTree = "<group>"; };
		819E02A8250F46870056AC1C /* BattleViewController.swift */ = {isa = PBXFileReference; lastKnownFileType = sourcecode.swift; path = BattleViewController.swift; sourceTree = "<group>"; };
/* End PBXFileReference section */

/* Begin PBXFrameworksBuildPhase section */
		819E0249250F3DD00056AC1C /* Frameworks */ = {
			isa = PBXFrameworksBuildPhase;
			buildActionMask = 2147483647;
			files = (
			);
			runOnlyForDeploymentPostprocessing = 0;
		};
		819E025F250F3DD30056AC1C /* Frameworks */ = {
			isa = PBXFrameworksBuildPhase;
			buildActionMask = 2147483647;
			files = (
			);
			runOnlyForDeploymentPostprocessing = 0;
		};
		819E026A250F3DD30056AC1C /* Frameworks */ = {
			isa = PBXFrameworksBuildPhase;
			buildActionMask = 2147483647;
			files = (
			);
			runOnlyForDeploymentPostprocessing = 0;
		};
/* End PBXFrameworksBuildPhase section */

/* Begin PBXGroup section */
		819E0243250F3DCF0056AC1C = {
			isa = PBXGroup;
			children = (
				819E024E250F3DD00056AC1C /* TechMon */,
				819E0265250F3DD30056AC1C /* TechMonTests */,
				819E0270250F3DD30056AC1C /* TechMonUITests */,
				819E024D250F3DD00056AC1C /* Products */,
			);
			sourceTree = "<group>";
		};
		819E024D250F3DD00056AC1C /* Products */ = {
			isa = PBXGroup;
			children = (
				819E024C250F3DD00056AC1C /* TechMon.app */,
				819E0262250F3DD30056AC1C /* TechMonTests.xctest */,
				819E026D250F3DD30056AC1C /* TechMonUITests.xctest */,
			);
			name = Products;
			sourceTree = "<group>";
		};
		819E024E250F3DD00056AC1C /* TechMon */ = {
			isa = PBXGroup;
			children = (
				819E027F250F3E380056AC1C /* TechMon_Resource */,
				819E024F250F3DD00056AC1C /* AppDelegate.swift */,
				819E0251250F3DD00056AC1C /* SceneDelegate.swift */,
				819E0253250F3DD00056AC1C /* ViewController.swift */,
				819E0255250F3DD00056AC1C /* Main.storyboard */,
				819E0258250F3DD20056AC1C /* Assets.xcassets */,
				819E025A250F3DD20056AC1C /* LaunchScreen.storyboard */,
				819E025D250F3DD20056AC1C /* Info.plist */,
				819E02A6250F466D0056AC1C /* LobbyViewController.swift */,
				819E02A8250F46870056AC1C /* BattleViewController.swift */,
			);
			path = TechMon;
			sourceTree = "<group>";
		};
		819E0265250F3DD30056AC1C /* TechMonTests */ = {
			isa = PBXGroup;
			children = (
				819E0266250F3DD30056AC1C /* TechMonTests.swift */,
				819E0268250F3DD30056AC1C /* Info.plist */,
			);
			path = TechMonTests;
			sourceTree = "<group>";
		};
		819E0270250F3DD30056AC1C /* TechMonUITests */ = {
			isa = PBXGroup;
			children = (
				819E0271250F3DD30056AC1C /* TechMonUITests.swift */,
				819E0273250F3DD30056AC1C /* Info.plist */,
			);
			path = TechMonUITests;
			sourceTree = "<group>";
		};
		819E027F250F3E380056AC1C /* TechMon_Resource */ = {
			isa = PBXGroup;
			children = (
				819E0280250F3E380056AC1C /* Images */,
				819E0288250F3E380056AC1C /* Models */,
				819E028B250F3E380056AC1C /* Sounds */,
				819E0293250F3E380056AC1C /* Fonts */,
			);
			path = TechMon_Resource;
			sourceTree = "<group>";
		};
		819E0280250F3E380056AC1C /* Images */ = {
			isa = PBXGroup;
			children = (
				819E0281250F3E380056AC1C /* lobby.png */,
				819E0282250F3E380056AC1C /* battlebg.png */,
				819E0283250F3E380056AC1C /* bgimage.jpg */,
				819E0284250F3E380056AC1C /* waku.png */,
				819E0285250F3E380056AC1C /* gold_button.png */,
				819E0286250F3E380056AC1C /* yusya.png */,
				819E0287250F3E380056AC1C /* monster.png */,
			);
			path = Images;
			sourceTree = "<group>";
		};
		819E0288250F3E380056AC1C /* Models */ = {
			isa = PBXGroup;
			children = (
				819E0289250F3E380056AC1C /* TechMonManager.swift */,
				819E028A250F3E380056AC1C /* Character.swift */,
			);
			path = Models;
			sourceTree = "<group>";
		};
		819E028B250F3E380056AC1C /* Sounds */ = {
			isa = PBXGroup;
			children = (
				819E028C250F3E380056AC1C /* SE_fanfare.mp3 */,
				819E028D250F3E380056AC1C /* BGM_battle001.mp3 */,
				819E028E250F3E380056AC1C /* SE_fire.mp3 */,
				819E028F250F3E380056AC1C /* SE_attack.mp3 */,
				819E0290250F3E380056AC1C /* SE_gameover.mp3 */,
				819E0291250F3E380056AC1C /* SE_charge.mp3 */,
				819E0292250F3E380056AC1C /* lobby.mp3 */,
			);
			path = Sounds;
			sourceTree = "<group>";
		};
		819E0293250F3E380056AC1C /* Fonts */ = {
			isa = PBXGroup;
			children = (
				819E0294250F3E380056AC1C /* misaki_gothic.ttf */,
			);
			path = Fonts;
			sourceTree = "<group>";
		};
/* End PBXGroup section */

/* Begin PBXNativeTarget section */
		819E024B250F3DD00056AC1C /* TechMon */ = {
			isa = PBXNativeTarget;
			buildConfigurationList = 819E0276250F3DD30056AC1C /* Build configuration list for PBXNativeTarget "TechMon" */;
			buildPhases = (
				819E0248250F3DD00056AC1C /* Sources */,
				819E0249250F3DD00056AC1C /* Frameworks */,
				819E024A250F3DD00056AC1C /* Resources */,
			);
			buildRules = (
			);
			dependencies = (
			);
			name = TechMon;
			productName = TechMon;
			productReference = 819E024C250F3DD00056AC1C /* TechMon.app */;
			productType = "com.apple.product-type.application";
		};
		819E0261250F3DD30056AC1C /* TechMonTests */ = {
			isa = PBXNativeTarget;
			buildConfigurationList = 819E0279250F3DD30056AC1C /* Build configuration list for PBXNativeTarget "TechMonTests" */;
			buildPhases = (
				819E025E250F3DD30056AC1C /* Sources */,
				819E025F250F3DD30056AC1C /* Frameworks */,
				819E0260250F3DD30056AC1C /* Resources */,
			);
			buildRules = (
			);
			dependencies = (
				819E0264250F3DD30056AC1C /* PBXTargetDependency */,
			);
			name = TechMonTests;
			productName = TechMonTests;
			productReference = 819E0262250F3DD30056AC1C /* TechMonTests.xctest */;
			productType = "com.apple.product-type.bundle.unit-test";
		};
		819E026C250F3DD30056AC1C /* TechMonUITests */ = {
			isa = PBXNativeTarget;
			buildConfigurationList = 819E027C250F3DD30056AC1C /* Build configuration list for PBXNativeTarget "TechMonUITests" */;
			buildPhases = (
				819E0269250F3DD30056AC1C /* Sources */,
				819E026A250F3DD30056AC1C /* Frameworks */,
				819E026B250F3DD30056AC1C /* Resources */,
			);
			buildRules = (
			);
			dependencies = (
				819E026F250F3DD30056AC1C /* PBXTargetDependency */,
			);
			name = TechMonUITests;
			productName = TechMonUITests;
			productReference = 819E026D250F3DD30056AC1C /* TechMonUITests.xctest */;
			productType = "com.apple.product-type.bundle.ui-testing";
		};
/* End PBXNativeTarget section */

/* Begin PBXProject section */
		819E0244250F3DCF0056AC1C /* Project object */ = {
			isa = PBXProject;
			attributes = {
				LastSwiftUpdateCheck = 1170;
				LastUpgradeCheck = 1170;
				ORGANIZATIONNAME = com.litech;
				TargetAttributes = {
					819E024B250F3DD00056AC1C = {
						CreatedOnToolsVersion = 11.7;
					};
					819E0261250F3DD30056AC1C = {
						CreatedOnToolsVersion = 11.7;
						TestTargetID = 819E024B250F3DD00056AC1C;
					};
					819E026C250F3DD30056AC1C = {
						CreatedOnToolsVersion = 11.7;
						TestTargetID = 819E024B250F3DD00056AC1C;
					};
				};
			};
			buildConfigurationList = 819E0247250F3DCF0056AC1C /* Build configuration list for PBXProject "TechMon" */;
			compatibilityVersion = "Xcode 9.3";
			developmentRegion = en;
			hasScannedForEncodings = 0;
			knownRegions = (
				en,
				Base,
			);
			mainGroup = 819E0243250F3DCF0056AC1C;
			productRefGroup = 819E024D250F3DD00056AC1C /* Products */;
			projectDirPath = "";
			projectRoot = "";
			targets = (
				819E024B250F3DD00056AC1C /* TechMon */,
				819E0261250F3DD30056AC1C /* TechMonTests */,
				819E026C250F3DD30056AC1C /* TechMonUITests */,
			);
		};
/* End PBXProject section */

/* Begin PBXResourcesBuildPhase section */
		819E024A250F3DD00056AC1C /* Resources */ = {
			isa = PBXResourcesBuildPhase;
			buildActionMask = 2147483647;
			files = (
				819E029A250F3E380056AC1C /* yusya.png in Resources */,
				819E0297250F3E380056AC1C /* bgimage.jpg in Resources */,
				819E0298250F3E380056AC1C /* waku.png in Resources */,
				819E029E250F3E380056AC1C /* SE_fanfare.mp3 in Resources */,
				819E0295250F3E380056AC1C /* lobby.png in Resources */,
				819E0299250F3E380056AC1C /* gold_button.png in Resources */,
				819E02A1250F3E380056AC1C /* SE_attack.mp3 in Resources */,
				819E025C250F3DD20056AC1C /* LaunchScreen.storyboard in Resources */,
				819E02A4250F3E380056AC1C /* lobby.mp3 in Resources */,
				819E0259250F3DD20056AC1C /* Assets.xcassets in Resources */,
				819E02A5250F3E380056AC1C /* misaki_gothic.ttf in Resources */,
				819E02A2250F3E380056AC1C /* SE_gameover.mp3 in Resources */,
				819E0296250F3E380056AC1C /* battlebg.png in Resources */,
				819E029F250F3E380056AC1C /* BGM_battle001.mp3 in Resources */,
				819E02A3250F3E380056AC1C /* SE_charge.mp3 in Resources */,
				819E02A0250F3E380056AC1C /* SE_fire.mp3 in Resources */,
				819E029B250F3E380056AC1C /* monster.png in Resources */,
				819E0257250F3DD00056AC1C /* Main.storyboard in Resources */,
			);
			runOnlyForDeploymentPostprocessing = 0;
		};
		819E0260250F3DD30056AC1C /* Resources */ = {
			isa = PBXResourcesBuildPhase;
			buildActionMask = 2147483647;
			files = (
			);
			runOnlyForDeploymentPostprocessing = 0;
		};
		819E026B250F3DD30056AC1C /* Resources */ = {
			isa = PBXResourcesBuildPhase;
			buildActionMask = 2147483647;
			files = (
			);
			runOnlyForDeploymentPostprocessing = 0;
		};
/* End PBXResourcesBuildPhase section */

/* Begin PBXSourcesBuildPhase section */
		819E0248250F3DD00056AC1C /* Sources */ = {
			isa = PBXSourcesBuildPhase;
			buildActionMask = 2147483647;
			files = (
				819E02A9250F46870056AC1C /* BattleViewController.swift in Sources */,
				819E029C250F3E380056AC1C /* TechMonManager.swift in Sources */,
				819E0254250F3DD00056AC1C /* ViewController.swift in Sources */,
				819E029D250F3E380056AC1C /* Character.swift in Sources */,
				819E02A7250F466D0056AC1C /* LobbyViewController.swift in Sources */,
				819E0250250F3DD00056AC1C /* AppDelegate.swift in Sources */,
				819E0252250F3DD00056AC1C /* SceneDelegate.swift in Sources */,
			);
			runOnlyForDeploymentPostprocessing = 0;
		};
		819E025E250F3DD30056AC1C /* Sources */ = {
			isa = PBXSourcesBuildPhase;
			buildActionMask = 2147483647;
			files = (
				819E0267250F3DD30056AC1C /* TechMonTests.swift in Sources */,
			);
			runOnlyForDeploymentPostprocessing = 0;
		};
		819E0269250F3DD30056AC1C /* Sources */ = {
			isa = PBXSourcesBuildPhase;
			buildActionMask = 2147483647;
			files = (
				819E0272250F3DD30056AC1C /* TechMonUITests.swift in Sources */,
			);
			runOnlyForDeploymentPostprocessing = 0;
		};
/* End PBXSourcesBuildPhase section */

/* Begin PBXTargetDependency section */
		819E0264250F3DD30056AC1C /* PBXTargetDependency */ = {
			isa = PBXTargetDependency;
			target = 819E024B250F3DD00056AC1C /* TechMon */;
			targetProxy = 819E0263250F3DD30056AC1C /* PBXContainerItemProxy */;
		};
		819E026F250F3DD30056AC1C /* PBXTargetDependency */ = {
			isa = PBXTargetDependency;
			target = 819E024B250F3DD00056AC1C /* TechMon */;
			targetProxy = 819E026E250F3DD30056AC1C /* PBXContainerItemProxy */;
		};
/* End PBXTargetDependency section */

/* Begin PBXVariantGroup section */
		819E0255250F3DD00056AC1C /* Main.storyboard */ = {
			isa = PBXVariantGroup;
			children = (
				819E0256250F3DD00056AC1C /* Base */,
			);
			name = Main.storyboard;
			sourceTree = "<group>";
		};
		819E025A250F3DD20056AC1C /* LaunchScreen.storyboard */ = {
			isa = PBXVariantGroup;
			children = (
				819E025B250F3DD20056AC1C /* Base */,
			);
			name = LaunchScreen.storyboard;
			sourceTree = "<group>";
		};
/* End PBXVariantGroup section */

/* Begin XCBuildConfiguration section */
		819E0274250F3DD30056AC1C /* Debug */ = {
			isa = XCBuildConfiguration;
			buildSettings = {
				ALWAYS_SEARCH_USER_PATHS = NO;
				CLANG_ANALYZER_NONNULL = YES;
				CLANG_ANALYZER_NUMBER_OBJECT_CONVERSION = YES_AGGRESSIVE;
				CLANG_CXX_LANGUAGE_STANDARD = "gnu++14";
				CLANG_CXX_LIBRARY = "libc++";
				CLANG_ENABLE_MODULES = YES;
				CLANG_ENABLE_OBJC_ARC = YES;
				CLANG_ENABLE_OBJC_WEAK = YES;
				CLANG_WARN_BLOCK_CAPTURE_AUTORELEASING = YES;
				CLANG_WARN_BOOL_CONVERSION = YES;
				CLANG_WARN_COMMA = YES;
				CLANG_WARN_CONSTANT_CONVERSION = YES;
				CLANG_WARN_DEPRECATED_OBJC_IMPLEMENTATIONS = YES;
				CLANG_WARN_DIRECT_OBJC_ISA_USAGE = YES_ERROR;
				CLANG_WARN_DOCUMENTATION_COMMENTS = YES;
				CLANG_WARN_EMPTY_BODY = YES;
				CLANG_WARN_ENUM_CONVERSION = YES;
				CLANG_WARN_INFINITE_RECURSION = YES;
				CLANG_WARN_INT_CONVERSION = YES;
				CLANG_WARN_NON_LITERAL_NULL_CONVERSION = YES;
				CLANG_WARN_OBJC_IMPLICIT_RETAIN_SELF = YES;
				CLANG_WARN_OBJC_LITERAL_CONVERSION = YES;
				CLANG_WARN_OBJC_ROOT_CLASS = YES_ERROR;
				CLANG_WARN_RANGE_LOOP_ANALYSIS = YES;
				CLANG_WARN_STRICT_PROTOTYPES = YES;
				CLANG_WARN_SUSPICIOUS_MOVE = YES;
				CLANG_WARN_UNGUARDED_AVAILABILITY = YES_AGGRESSIVE;
				CLANG_WARN_UNREACHABLE_CODE = YES;
				CLANG_WARN__DUPLICATE_METHOD_MATCH = YES;
				COPY_PHASE_STRIP = NO;
				DEBUG_INFORMATION_FORMAT = dwarf;
				ENABLE_STRICT_OBJC_MSGSEND = YES;
				ENABLE_TESTABILITY = YES;
				GCC_C_LANGUAGE_STANDARD = gnu11;
				GCC_DYNAMIC_NO_PIC = NO;
				GCC_NO_COMMON_BLOCKS = YES;
				GCC_OPTIMIZATION_LEVEL = 0;
				GCC_PREPROCESSOR_DEFINITIONS = (
					"DEBUG=1",
					"$(inherited)",
				);
				GCC_WARN_64_TO_32_BIT_CONVERSION = YES;
				GCC_WARN_ABOUT_RETURN_TYPE = YES_ERROR;
				GCC_WARN_UNDECLARED_SELECTOR = YES;
				GCC_WARN_UNINITIALIZED_AUTOS = YES_AGGRESSIVE;
				GCC_WARN_UNUSED_FUNCTION = YES;
				GCC_WARN_UNUSED_VARIABLE = YES;
				IPHONEOS_DEPLOYMENT_TARGET = 13.7;
				MTL_ENABLE_DEBUG_INFO = INCLUDE_SOURCE;
				MTL_FAST_MATH = YES;
				ONLY_ACTIVE_ARCH = YES;
				SDKROOT = iphoneos;
				SWIFT_ACTIVE_COMPILATION_CONDITIONS = DEBUG;
				SWIFT_OPTIMIZATION_LEVEL = "-Onone";
			};
			name = Debug;
		};
		819E0275250F3DD30056AC1C /* Release */ = {
			isa = XCBuildConfiguration;
			buildSettings = {
				ALWAYS_SEARCH_USER_PATHS = NO;
				CLANG_ANALYZER_NONNULL = YES;
				CLANG_ANALYZER_NUMBER_OBJECT_CONVERSION = YES_AGGRESSIVE;
				CLANG_CXX_LANGUAGE_STANDARD = "gnu++14";
				CLANG_CXX_LIBRARY = "libc++";
				CLANG_ENABLE_MODULES = YES;
				CLANG_ENABLE_OBJC_ARC = YES;
				CLANG_ENABLE_OBJC_WEAK = YES;
				CLANG_WARN_BLOCK_CAPTURE_AUTORELEASING = YES;
				CLANG_WARN_BOOL_CONVERSION = YES;
				CLANG_WARN_COMMA = YES;
				CLANG_WARN_CONSTANT_CONVERSION = YES;
				CLANG_WARN_DEPRECATED_OBJC_IMPLEMENTATIONS = YES;
				CLANG_WARN_DIRECT_OBJC_ISA_USAGE = YES_ERROR;
				CLANG_WARN_DOCUMENTATION_COMMENTS = YES;
				CLANG_WARN_EMPTY_BODY = YES;
				CLANG_WARN_ENUM_CONVERSION = YES;
				CLANG_WARN_INFINITE_RECURSION = YES;
				CLANG_WARN_INT_CONVERSION = YES;
				CLANG_WARN_NON_LITERAL_NULL_CONVERSION = YES;
				CLANG_WARN_OBJC_IMPLICIT_RETAIN_SELF = YES;
				CLANG_WARN_OBJC_LITERAL_CONVERSION = YES;
				CLANG_WARN_OBJC_ROOT_CLASS = YES_ERROR;
				CLANG_WARN_RANGE_LOOP_ANALYSIS = YES;
				CLANG_WARN_STRICT_PROTOTYPES = YES;
				CLANG_WARN_SUSPICIOUS_MOVE = YES;
				CLANG_WARN_UNGUARDED_AVAILABILITY = YES_AGGRESSIVE;
				CLANG_WARN_UNREACHABLE_CODE = YES;
				CLANG_WARN__DUPLICATE_METHOD_MATCH = YES;
				COPY_PHASE_STRIP = NO;
				DEBUG_INFORMATION_FORMAT = "dwarf-with-dsym";
				ENABLE_NS_ASSERTIONS = NO;
				ENABLE_STRICT_OBJC_MSGSEND = YES;
				GCC_C_LANGUAGE_STANDARD = gnu11;
				GCC_NO_COMMON_BLOCKS = YES;
				GCC_WARN_64_TO_32_BIT_CONVERSION = YES;
				GCC_WARN_ABOUT_RETURN_TYPE = YES_ERROR;
				GCC_WARN_UNDECLARED_SELECTOR = YES;
				GCC_WARN_UNINITIALIZED_AUTOS = YES_AGGRESSIVE;
				GCC_WARN_UNUSED_FUNCTION = YES;
				GCC_WARN_UNUSED_VARIABLE = YES;
				IPHONEOS_DEPLOYMENT_TARGET = 13.7;
				MTL_ENABLE_DEBUG_INFO = NO;
				MTL_FAST_MATH = YES;
				SDKROOT = iphoneos;
				SWIFT_COMPILATION_MODE = wholemodule;
				SWIFT_OPTIMIZATION_LEVEL = "-O";
				VALIDATE_PRODUCT = YES;
			};
			name = Release;
		};
		819E0277250F3DD30056AC1C /* Debug */ = {
			isa = XCBuildConfiguration;
			buildSettings = {
				ASSETCATALOG_COMPILER_APPICON_NAME = AppIcon;
				CODE_SIGN_STYLE = Automatic;
				INFOPLIST_FILE = TechMon/Info.plist;
				LD_RUNPATH_SEARCH_PATHS = (
					"$(inherited)",
					"@executable_path/Frameworks",
				);
				PRODUCT_BUNDLE_IDENTIFIER = com.litech.TechMon;
				PRODUCT_NAME = "$(TARGET_NAME)";
				SWIFT_VERSION = 5.0;
				TARGETED_DEVICE_FAMILY = "1,2";
			};
			name = Debug;
		};
		819E0278250F3DD30056AC1C /* Release */ = {
			isa = XCBuildConfiguration;
			buildSettings = {
				ASSETCATALOG_COMPILER_APPICON_NAME = AppIcon;
				CODE_SIGN_STYLE = Automatic;
				INFOPLIST_FILE = TechMon/Info.plist;
				LD_RUNPATH_SEARCH_PATHS = (
					"$(inherited)",
					"@executable_path/Frameworks",
				);
				PRODUCT_BUNDLE_IDENTIFIER = com.litech.TechMon;
				PRODUCT_NAME = "$(TARGET_NAME)";
				SWIFT_VERSION = 5.0;
				TARGETED_DEVICE_FAMILY = "1,2";
			};
			name = Release;
		};
		819E027A250F3DD30056AC1C /* Debug */ = {
			isa = XCBuildConfiguration;
			buildSettings = {
				ALWAYS_EMBED_SWIFT_STANDARD_LIBRARIES = YES;
				BUNDLE_LOADER = "$(TEST_HOST)";
				CODE_SIGN_STYLE = Automatic;
				INFOPLIST_FILE = TechMonTests/Info.plist;
				IPHONEOS_DEPLOYMENT_TARGET = 13.7;
				LD_RUNPATH_SEARCH_PATHS = (
					"$(inherited)",
					"@executable_path/Frameworks",
					"@loader_path/Frameworks",
				);
				PRODUCT_BUNDLE_IDENTIFIER = com.litech.TechMonTests;
				PRODUCT_NAME = "$(TARGET_NAME)";
				SWIFT_VERSION = 5.0;
				TARGETED_DEVICE_FAMILY = "1,2";
				TEST_HOST = "$(BUILT_PRODUCTS_DIR)/TechMon.app/TechMon";
			};
			name = Debug;
		};
		819E027B250F3DD30056AC1C /* Release */ = {
			isa = XCBuildConfiguration;
			buildSettings = {
				ALWAYS_EMBED_SWIFT_STANDARD_LIBRARIES = YES;
				BUNDLE_LOADER = "$(TEST_HOST)";
				CODE_SIGN_STYLE = Automatic;
				INFOPLIST_FILE = TechMonTests/Info.plist;
				IPHONEOS_DEPLOYMENT_TARGET = 13.7;
				LD_RUNPATH_SEARCH_PATHS = (
					"$(inherited)",
					"@executable_path/Frameworks",
					"@loader_path/Frameworks",
				);
				PRODUCT_BUNDLE_IDENTIFIER = com.litech.TechMonTests;
				PRODUCT_NAME = "$(TARGET_NAME)";
				SWIFT_VERSION = 5.0;
				TARGETED_DEVICE_FAMILY = "1,2";
				TEST_HOST = "$(BUILT_PRODUCTS_DIR)/TechMon.app/TechMon";
			};
			name = Release;
		};
		819E027D250F3DD30056AC1C /* Debug */ = {
			isa = XCBuildConfiguration;
			buildSettings = {
				ALWAYS_EMBED_SWIFT_STANDARD_LIBRARIES = YES;
				CODE_SIGN_STYLE = Automatic;
				INFOPLIST_FILE = TechMonUITests/Info.plist;
				LD_RUNPATH_SEARCH_PATHS = (
					"$(inherited)",
					"@executable_path/Frameworks",
					"@loader_path/Frameworks",
				);
				PRODUCT_BUNDLE_IDENTIFIER = com.litech.TechMonUITests;
				PRODUCT_NAME = "$(TARGET_NAME)";
				SWIFT_VERSION = 5.0;
				TARGETED_DEVICE_FAMILY = "1,2";
				TEST_TARGET_NAME = TechMon;
			};
			name = Debug;
		};
		819E027E250F3DD30056AC1C /* Release */ = {
			isa = XCBuildConfiguration;
			buildSettings = {
				ALWAYS_EMBED_SWIFT_STANDARD_LIBRARIES = YES;
				CODE_SIGN_STYLE = Automatic;
				INFOPLIST_FILE = TechMonUITests/Info.plist;
				LD_RUNPATH_SEARCH_PATHS = (
					"$(inherited)",
					"@executable_path/Frameworks",
					"@loader_path/Frameworks",
				);
				PRODUCT_BUNDLE_IDENTIFIER = com.litech.TechMonUITests;
				PRODUCT_NAME = "$(TARGET_NAME)";
				SWIFT_VERSION = 5.0;
				TARGETED_DEVICE_FAMILY = "1,2";
				TEST_TARGET_NAME = TechMon;
			};
			name = Release;
		};
/* End XCBuildConfiguration section */

/* Begin XCConfigurationList section */
		819E0247250F3DCF0056AC1C /* Build configuration list for PBXProject "TechMon" */ = {
			isa = XCConfigurationList;
			buildConfigurations = (
				819E0274250F3DD30056AC1C /* Debug */,
				819E0275250F3DD30056AC1C /* Release */,
			);
			defaultConfigurationIsVisible = 0;
			defaultConfigurationName = Release;
		};
		819E0276250F3DD30056AC1C /* Build configuration list for PBXNativeTarget "TechMon" */ = {
			isa = XCConfigurationList;
			buildConfigurations = (
				819E0277250F3DD30056AC1C /* Debug */,
				819E0278250F3DD30056AC1C /* Release */,
			);
			defaultConfigurationIsVisible = 0;
			defaultConfigurationName = Release;
		};
		819E0279250F3DD30056AC1C /* Build configuration list for PBXNativeTarget "TechMonTests" */ = {
			isa = XCConfigurationList;
			buildConfigurations = (
				819E027A250F3DD30056AC1C /* Debug */,
				819E027B250F3DD30056AC1C /* Release */,
			);
			defaultConfigurationIsVisible = 0;
			defaultConfigurationName = Release;
		};
		819E027C250F3DD30056AC1C /* Build configuration list for PBXNativeTarget "TechMonUITests" */ = {
			isa = XCConfigurationList;
			buildConfigurations = (
				819E027D250F3DD30056AC1C /* Debug */,
				819E027E250F3DD30056AC1C /* Release */,
			);
			defaultConfigurationIsVisible = 0;
			defaultConfigurationName = Release;
		};
/* End XCConfigurationList section */
	};
	rootObject = 819E0244250F3DCF0056AC1C /* Project object */;
}
